
Microsoft Visual Studio Solution File, Format Version 12.00
# Visual Studio Version 16
VisualStudioVersion = 16.0.29609.76
MinimumVisualStudioVersion = 10.0.40219.1
Project("{FAE04EC0-301F-11D3-BF4B-00C04F79EFBC}") = "OverrideLabs", "OverrideLabs\OverrideLabs.csproj", "{CD26696B-3AAE-4804-AD10-689819F41B83}"
EndProject
Global
	GlobalSection(SolutionConfigurationPlatforms) = preSolution
		Debug|Any CPU = Debug|Any CPU
		Release|Any CPU = Release|Any CPU
	EndGlobalSection
	GlobalSection(ProjectConfigurationPlatforms) = postSolution
		{CD26696B-3AAE-4804-AD10-689819F41B83}.Debug|Any CPU.ActiveCfg = Debug|Any CPU
		{CD26696B-3AAE-4804-AD10-689819F41B83}.Debug|Any CPU.Build.0 = Debug|Any CPU
		{CD26696B-3AAE-4804-AD10-689819F41B83}.Release|Any CPU.ActiveCfg = Release|Any CPU
		{CD26696B-3AAE-4804-AD10-689819F41B83}.Release|Any CPU.Build.0 = Release|Any CPU
	EndGlobalSection
	GlobalSection(SolutionProperties) = preSolution
		HideSolutionNode = FALSE
	EndGlobalSection
	GlobalSection(ExtensibilityGlobals) = postSolution
		SolutionGuid = {300D2BA7-9E39-475E-A1C6-D21C7E4E563B}
	EndGlobalSection
EndGlobal
