
Microsoft Visual Studio Solution File, Format Version 12.00
# Visual Studio Version 16
VisualStudioVersion = 16.0.29326.143
MinimumVisualStudioVersion = 10.0.40219.1
Project("{FAE04EC0-301F-11D3-BF4B-00C04F79EFBC}") = "StructLab", "StructLab\StructLab.csproj", "{AA6BFB4F-4B1E-4F4B-9789-1A6BB4E596E0}"
EndProject
Global
	GlobalSection(SolutionConfigurationPlatforms) = preSolution
		Debug|Any CPU = Debug|Any CPU
		Release|Any CPU = Release|Any CPU
	EndGlobalSection
	GlobalSection(ProjectConfigurationPlatforms) = postSolution
		{AA6BFB4F-4B1E-4F4B-9789-1A6BB4E596E0}.Debug|Any CPU.ActiveCfg = Debug|Any CPU
		{AA6BFB4F-4B1E-4F4B-9789-1A6BB4E596E0}.Debug|Any CPU.Build.0 = Debug|Any CPU
		{AA6BFB4F-4B1E-4F4B-9789-1A6BB4E596E0}.Release|Any CPU.ActiveCfg = Release|Any CPU
		{AA6BFB4F-4B1E-4F4B-9789-1A6BB4E596E0}.Release|Any CPU.Build.0 = Release|Any CPU
	EndGlobalSection
	GlobalSection(SolutionProperties) = preSolution
		HideSolutionNode = FALSE
	EndGlobalSection
	GlobalSection(ExtensibilityGlobals) = postSolution
		SolutionGuid = {B68B0288-5567-429C-B28C-258AA3782EBB}
	EndGlobalSection
EndGlobal
