
Microsoft Visual Studio Solution File, Format Version 12.00
# Visual Studio Version 16
VisualStudioVersion = 16.0.29326.143
MinimumVisualStudioVersion = 10.0.40219.1
Project("{FAE04EC0-301F-11D3-BF4B-00C04F79EFBC}") = "StringLabs", "StringLabs\StringLabs.csproj", "{396245B7-0879-4C65-A485-DD289983B5AD}"
EndProject
Global
	GlobalSection(SolutionConfigurationPlatforms) = preSolution
		Debug|Any CPU = Debug|Any CPU
		Release|Any CPU = Release|Any CPU
	EndGlobalSection
	GlobalSection(ProjectConfigurationPlatforms) = postSolution
		{396245B7-0879-4C65-A485-DD289983B5AD}.Debug|Any CPU.ActiveCfg = Debug|Any CPU
		{396245B7-0879-4C65-A485-DD289983B5AD}.Debug|Any CPU.Build.0 = Debug|Any CPU
		{396245B7-0879-4C65-A485-DD289983B5AD}.Release|Any CPU.ActiveCfg = Release|Any CPU
		{396245B7-0879-4C65-A485-DD289983B5AD}.Release|Any CPU.Build.0 = Release|Any CPU
	EndGlobalSection
	GlobalSection(SolutionProperties) = preSolution
		HideSolutionNode = FALSE
	EndGlobalSection
	GlobalSection(ExtensibilityGlobals) = postSolution
		SolutionGuid = {48204DEF-E009-4C74-88F8-55C6A1A3D6FC}
	EndGlobalSection
EndGlobal
