
Microsoft Visual Studio Solution File, Format Version 12.00
# Visual Studio Version 16
VisualStudioVersion = 16.0.29326.143
MinimumVisualStudioVersion = 10.0.40219.1
Project("{FAE04EC0-301F-11D3-BF4B-00C04F79EFBC}") = "ConditionalLabs", "ConditionalLabs\ConditionalLabs.csproj", "{21724412-7005-49B3-BAC2-D991E90B6A23}"
EndProject
Global
	GlobalSection(SolutionConfigurationPlatforms) = preSolution
		Debug|Any CPU = Debug|Any CPU
		Release|Any CPU = Release|Any CPU
	EndGlobalSection
	GlobalSection(ProjectConfigurationPlatforms) = postSolution
		{21724412-7005-49B3-BAC2-D991E90B6A23}.Debug|Any CPU.ActiveCfg = Debug|Any CPU
		{21724412-7005-49B3-BAC2-D991E90B6A23}.Debug|Any CPU.Build.0 = Debug|Any CPU
		{21724412-7005-49B3-BAC2-D991E90B6A23}.Release|Any CPU.ActiveCfg = Release|Any CPU
		{21724412-7005-49B3-BAC2-D991E90B6A23}.Release|Any CPU.Build.0 = Release|Any CPU
	EndGlobalSection
	GlobalSection(SolutionProperties) = preSolution
		HideSolutionNode = FALSE
	EndGlobalSection
	GlobalSection(ExtensibilityGlobals) = postSolution
		SolutionGuid = {53904A75-A6A5-4A3B-AFBA-0DCD224B1CF1}
	EndGlobalSection
EndGlobal
