
Microsoft Visual Studio Solution File, Format Version 12.00
# Visual Studio Version 16
VisualStudioVersion = 16.0.29609.76
MinimumVisualStudioVersion = 10.0.40219.1
Project("{FAE04EC0-301F-11D3-BF4B-00C04F79EFBC}") = "DbFirstLabs", "DbFirstLabs\DbFirstLabs.csproj", "{A83179DB-3B20-4E8B-9201-7DCB5E16EBFC}"
EndProject
Global
	GlobalSection(SolutionConfigurationPlatforms) = preSolution
		Debug|Any CPU = Debug|Any CPU
		Release|Any CPU = Release|Any CPU
	EndGlobalSection
	GlobalSection(ProjectConfigurationPlatforms) = postSolution
		{A83179DB-3B20-4E8B-9201-7DCB5E16EBFC}.Debug|Any CPU.ActiveCfg = Debug|Any CPU
		{A83179DB-3B20-4E8B-9201-7DCB5E16EBFC}.Debug|Any CPU.Build.0 = Debug|Any CPU
		{A83179DB-3B20-4E8B-9201-7DCB5E16EBFC}.Release|Any CPU.ActiveCfg = Release|Any CPU
		{A83179DB-3B20-4E8B-9201-7DCB5E16EBFC}.Release|Any CPU.Build.0 = Release|Any CPU
	EndGlobalSection
	GlobalSection(SolutionProperties) = preSolution
		HideSolutionNode = FALSE
	EndGlobalSection
	GlobalSection(ExtensibilityGlobals) = postSolution
		SolutionGuid = {EA2297B3-1C52-486C-9DDA-47DF54378366}
	EndGlobalSection
EndGlobal
