
Microsoft Visual Studio Solution File, Format Version 12.00
# Visual Studio Version 16
VisualStudioVersion = 16.0.29519.181
MinimumVisualStudioVersion = 10.0.40219.1
Project("{FAE04EC0-301F-11D3-BF4B-00C04F79EFBC}") = "IndexersLabs", "IndexersLabs\IndexersLabs.csproj", "{AEF109A0-467A-4904-974A-79CEEB32BB63}"
EndProject
Global
	GlobalSection(SolutionConfigurationPlatforms) = preSolution
		Debug|Any CPU = Debug|Any CPU
		Release|Any CPU = Release|Any CPU
	EndGlobalSection
	GlobalSection(ProjectConfigurationPlatforms) = postSolution
		{AEF109A0-467A-4904-974A-79CEEB32BB63}.Debug|Any CPU.ActiveCfg = Debug|Any CPU
		{AEF109A0-467A-4904-974A-79CEEB32BB63}.Debug|Any CPU.Build.0 = Debug|Any CPU
		{AEF109A0-467A-4904-974A-79CEEB32BB63}.Release|Any CPU.ActiveCfg = Release|Any CPU
		{AEF109A0-467A-4904-974A-79CEEB32BB63}.Release|Any CPU.Build.0 = Release|Any CPU
	EndGlobalSection
	GlobalSection(SolutionProperties) = preSolution
		HideSolutionNode = FALSE
	EndGlobalSection
	GlobalSection(ExtensibilityGlobals) = postSolution
		SolutionGuid = {5CF55784-07A1-4CD5-B4BF-2B832702FD4C}
	EndGlobalSection
EndGlobal
