
Microsoft Visual Studio Solution File, Format Version 12.00
# Visual Studio Version 16
VisualStudioVersion = 16.0.29609.76
MinimumVisualStudioVersion = 10.0.40219.1
Project("{FAE04EC0-301F-11D3-BF4B-00C04F79EFBC}") = "FluentAPI", "FulentAPI\FluentAPI.csproj", "{5D932DD7-39E0-424D-82F5-9E933DEC6B71}"
EndProject
Global
	GlobalSection(SolutionConfigurationPlatforms) = preSolution
		Debug|Any CPU = Debug|Any CPU
		Release|Any CPU = Release|Any CPU
	EndGlobalSection
	GlobalSection(ProjectConfigurationPlatforms) = postSolution
		{5D932DD7-39E0-424D-82F5-9E933DEC6B71}.Debug|Any CPU.ActiveCfg = Debug|Any CPU
		{5D932DD7-39E0-424D-82F5-9E933DEC6B71}.Debug|Any CPU.Build.0 = Debug|Any CPU
		{5D932DD7-39E0-424D-82F5-9E933DEC6B71}.Release|Any CPU.ActiveCfg = Release|Any CPU
		{5D932DD7-39E0-424D-82F5-9E933DEC6B71}.Release|Any CPU.Build.0 = Release|Any CPU
	EndGlobalSection
	GlobalSection(SolutionProperties) = preSolution
		HideSolutionNode = FALSE
	EndGlobalSection
	GlobalSection(ExtensibilityGlobals) = postSolution
		SolutionGuid = {74B14EE6-F7C2-41BA-A464-6C7BAEA6FF09}
	EndGlobalSection
EndGlobal
