
Microsoft Visual Studio Solution File, Format Version 12.00
# Visual Studio Version 16
VisualStudioVersion = 16.0.29326.143
MinimumVisualStudioVersion = 10.0.40219.1
Project("{FAE04EC0-301F-11D3-BF4B-00C04F79EFBC}") = "ConstructorLab", "ConstructorLab\ConstructorLab.csproj", "{50EA8E24-E96D-41E3-84E1-1A48269A455E}"
EndProject
Global
	GlobalSection(SolutionConfigurationPlatforms) = preSolution
		Debug|Any CPU = Debug|Any CPU
		Release|Any CPU = Release|Any CPU
	EndGlobalSection
	GlobalSection(ProjectConfigurationPlatforms) = postSolution
		{50EA8E24-E96D-41E3-84E1-1A48269A455E}.Debug|Any CPU.ActiveCfg = Debug|Any CPU
		{50EA8E24-E96D-41E3-84E1-1A48269A455E}.Debug|Any CPU.Build.0 = Debug|Any CPU
		{50EA8E24-E96D-41E3-84E1-1A48269A455E}.Release|Any CPU.ActiveCfg = Release|Any CPU
		{50EA8E24-E96D-41E3-84E1-1A48269A455E}.Release|Any CPU.Build.0 = Release|Any CPU
	EndGlobalSection
	GlobalSection(SolutionProperties) = preSolution
		HideSolutionNode = FALSE
	EndGlobalSection
	GlobalSection(ExtensibilityGlobals) = postSolution
		SolutionGuid = {FB4A2C4C-F7B5-42E0-98EA-1F902ED22EA8}
	EndGlobalSection
EndGlobal
