
Microsoft Visual Studio Solution File, Format Version 12.00
# Visual Studio Version 16
VisualStudioVersion = 16.0.29609.76
MinimumVisualStudioVersion = 10.0.40219.1
Project("{FAE04EC0-301F-11D3-BF4B-00C04F79EFBC}") = "BoxingUnboxingLabs", "BoxingUnboxingLabs\BoxingUnboxingLabs.csproj", "{F73C2EC5-73EE-4F9B-A519-4EA19AFB83F3}"
EndProject
Global
	GlobalSection(SolutionConfigurationPlatforms) = preSolution
		Debug|Any CPU = Debug|Any CPU
		Release|Any CPU = Release|Any CPU
	EndGlobalSection
	GlobalSection(ProjectConfigurationPlatforms) = postSolution
		{F73C2EC5-73EE-4F9B-A519-4EA19AFB83F3}.Debug|Any CPU.ActiveCfg = Debug|Any CPU
		{F73C2EC5-73EE-4F9B-A519-4EA19AFB83F3}.Debug|Any CPU.Build.0 = Debug|Any CPU
		{F73C2EC5-73EE-4F9B-A519-4EA19AFB83F3}.Release|Any CPU.ActiveCfg = Release|Any CPU
		{F73C2EC5-73EE-4F9B-A519-4EA19AFB83F3}.Release|Any CPU.Build.0 = Release|Any CPU
	EndGlobalSection
	GlobalSection(SolutionProperties) = preSolution
		HideSolutionNode = FALSE
	EndGlobalSection
	GlobalSection(ExtensibilityGlobals) = postSolution
		SolutionGuid = {05A3AA71-F711-43EE-88A6-13563560C821}
	EndGlobalSection
EndGlobal
