
Microsoft Visual Studio Solution File, Format Version 12.00
# Visual Studio Version 16
VisualStudioVersion = 16.0.29609.76
MinimumVisualStudioVersion = 10.0.40219.1
Project("{FAE04EC0-301F-11D3-BF4B-00C04F79EFBC}") = "CodeFirst", "CodeFirst\CodeFirst.csproj", "{9C3FE586-17B4-44B4-9E71-D3F0C8742E75}"
EndProject
Global
	GlobalSection(SolutionConfigurationPlatforms) = preSolution
		Debug|Any CPU = Debug|Any CPU
		Release|Any CPU = Release|Any CPU
	EndGlobalSection
	GlobalSection(ProjectConfigurationPlatforms) = postSolution
		{9C3FE586-17B4-44B4-9E71-D3F0C8742E75}.Debug|Any CPU.ActiveCfg = Debug|Any CPU
		{9C3FE586-17B4-44B4-9E71-D3F0C8742E75}.Debug|Any CPU.Build.0 = Debug|Any CPU
		{9C3FE586-17B4-44B4-9E71-D3F0C8742E75}.Release|Any CPU.ActiveCfg = Release|Any CPU
		{9C3FE586-17B4-44B4-9E71-D3F0C8742E75}.Release|Any CPU.Build.0 = Release|Any CPU
	EndGlobalSection
	GlobalSection(SolutionProperties) = preSolution
		HideSolutionNode = FALSE
	EndGlobalSection
	GlobalSection(ExtensibilityGlobals) = postSolution
		SolutionGuid = {B644768D-9838-4053-8C7C-02715508B662}
	EndGlobalSection
EndGlobal
