
Microsoft Visual Studio Solution File, Format Version 12.00
# Visual Studio Version 16
VisualStudioVersion = 16.0.29609.76
MinimumVisualStudioVersion = 10.0.40219.1
Project("{FAE04EC0-301F-11D3-BF4B-00C04F79EFBC}") = "Unity", "Unity\Unity.csproj", "{C9AF3822-8243-41B3-8CC2-9413070E7359}"
EndProject
Global
	GlobalSection(SolutionConfigurationPlatforms) = preSolution
		Debug|Any CPU = Debug|Any CPU
		Release|Any CPU = Release|Any CPU
	EndGlobalSection
	GlobalSection(ProjectConfigurationPlatforms) = postSolution
		{C9AF3822-8243-41B3-8CC2-9413070E7359}.Debug|Any CPU.ActiveCfg = Debug|Any CPU
		{C9AF3822-8243-41B3-8CC2-9413070E7359}.Debug|Any CPU.Build.0 = Debug|Any CPU
		{C9AF3822-8243-41B3-8CC2-9413070E7359}.Release|Any CPU.ActiveCfg = Release|Any CPU
		{C9AF3822-8243-41B3-8CC2-9413070E7359}.Release|Any CPU.Build.0 = Release|Any CPU
	EndGlobalSection
	GlobalSection(SolutionProperties) = preSolution
		HideSolutionNode = FALSE
	EndGlobalSection
	GlobalSection(ExtensibilityGlobals) = postSolution
		SolutionGuid = {28730234-7B17-4824-BACB-0D8E756ABF6D}
	EndGlobalSection
EndGlobal
