
Microsoft Visual Studio Solution File, Format Version 12.00
# Visual Studio Version 16
VisualStudioVersion = 16.0.29609.76
MinimumVisualStudioVersion = 10.0.40219.1
Project("{FAE04EC0-301F-11D3-BF4B-00C04F79EFBC}") = "ResultLabs", "ResultLabs\ResultLabs.csproj", "{5E3B495F-C41E-49F4-BA9C-808E86DA0CA5}"
EndProject
Global
	GlobalSection(SolutionConfigurationPlatforms) = preSolution
		Debug|Any CPU = Debug|Any CPU
		Release|Any CPU = Release|Any CPU
	EndGlobalSection
	GlobalSection(ProjectConfigurationPlatforms) = postSolution
		{5E3B495F-C41E-49F4-BA9C-808E86DA0CA5}.Debug|Any CPU.ActiveCfg = Debug|Any CPU
		{5E3B495F-C41E-49F4-BA9C-808E86DA0CA5}.Debug|Any CPU.Build.0 = Debug|Any CPU
		{5E3B495F-C41E-49F4-BA9C-808E86DA0CA5}.Release|Any CPU.ActiveCfg = Release|Any CPU
		{5E3B495F-C41E-49F4-BA9C-808E86DA0CA5}.Release|Any CPU.Build.0 = Release|Any CPU
	EndGlobalSection
	GlobalSection(SolutionProperties) = preSolution
		HideSolutionNode = FALSE
	EndGlobalSection
	GlobalSection(ExtensibilityGlobals) = postSolution
		SolutionGuid = {4D6A6563-7761-4F49-9095-0F44B64606DF}
	EndGlobalSection
EndGlobal
