
Microsoft Visual Studio Solution File, Format Version 12.00
# Visual Studio Version 16
VisualStudioVersion = 16.0.29609.76
MinimumVisualStudioVersion = 10.0.40219.1
Project("{FAE04EC0-301F-11D3-BF4B-00C04F79EFBC}") = "DataAnotations", "DataAnotations\DataAnotations.csproj", "{8BAA9302-7FCD-4AFA-91E3-7456B8549D57}"
EndProject
Global
	GlobalSection(SolutionConfigurationPlatforms) = preSolution
		Debug|Any CPU = Debug|Any CPU
		Release|Any CPU = Release|Any CPU
	EndGlobalSection
	GlobalSection(ProjectConfigurationPlatforms) = postSolution
		{8BAA9302-7FCD-4AFA-91E3-7456B8549D57}.Debug|Any CPU.ActiveCfg = Debug|Any CPU
		{8BAA9302-7FCD-4AFA-91E3-7456B8549D57}.Debug|Any CPU.Build.0 = Debug|Any CPU
		{8BAA9302-7FCD-4AFA-91E3-7456B8549D57}.Release|Any CPU.ActiveCfg = Release|Any CPU
		{8BAA9302-7FCD-4AFA-91E3-7456B8549D57}.Release|Any CPU.Build.0 = Release|Any CPU
	EndGlobalSection
	GlobalSection(SolutionProperties) = preSolution
		HideSolutionNode = FALSE
	EndGlobalSection
	GlobalSection(ExtensibilityGlobals) = postSolution
		SolutionGuid = {A5F353B5-4A3B-444D-A37E-105FFC2661BE}
	EndGlobalSection
EndGlobal
